// !$*UTF8*$!
{
	archiveVersion = 1;
	classes = {
	};
	objectVersion = 48;
	objects = {

/* Begin PBXBuildFile section */
		74AD699F1F7883FF005C1A29 /* AppDelegate.swift in Sources */ = {isa = PBXBuildFile; fileRef = 74AD699E1F7883FF005C1A29 /* AppDelegate.swift */; };
		74AD69A11F7883FF005C1A29 /* ViewController.swift in Sources */ = {isa = PBXBuildFile; fileRef = 74AD69A01F7883FF005C1A29 /* ViewController.swift */; };
		74AD69A41F7883FF005C1A29 /* Main.storyboard in Resources */ = {isa = PBXBuildFile; fileRef = 74AD69A21F7883FF005C1A29 /* Main.storyboard */; };
		74AD69A61F7883FF005C1A29 /* Assets.xcassets in Resources */ = {isa = PBXBuildFile; fileRef = 74AD69A51F7883FF005C1A29 /* Assets.xcassets */; };
		74AD69A91F7883FF005C1A29 /* LaunchScreen.storyboard in Resources */ = {isa = PBXBuildFile; fileRef = 74AD69A71F7883FF005C1A29 /* LaunchScreen.storyboard */; };
		74AD69B41F7883FF005C1A29 /* ViniTestPodTests.swift in Sources */ = {isa = PBXBuildFile; fileRef = 74AD69B31F7883FF005C1A29 /* ViniTestPodTests.swift */; };
		74AD69BF1F7883FF005C1A29 /* ViniTestPodUITests.swift in Sources */ = {isa = PBXBuildFile; fileRef = 74AD69BE1F7883FF005C1A29 /* ViniTestPodUITests.swift */; };
/* End PBXBuildFile section */

/* Begin PBXContainerItemProxy section */
		74AD69B01F7883FF005C1A29 /* PBXContainerItemProxy */ = {
			isa = PBXContainerItemProxy;
			containerPortal = 74AD69931F7883FF005C1A29 /* Project object */;
			proxyType = 1;
			remoteGlobalIDString = 74AD699A1F7883FF005C1A29;
			remoteInfo = ViniTestPod;
		};
		74AD69BB1F7883FF005C1A29 /* PBXContainerItemProxy */ = {
			isa = PBXContainerItemProxy;
			containerPortal = 74AD69931F7883FF005C1A29 /* Project object */;
			proxyType = 1;
			remoteGlobalIDString = 74AD699A1F7883FF005C1A29;
			remoteInfo = ViniTestPod;
		};
/* End PBXContainerItemProxy section */

/* Begin PBXFileReference section */
		74AD699B1F7883FF005C1A29 /* ViniTestPod.app */ = {isa = PBXFileReference; explicitFileType = wrapper.application; includeInIndex = 0; path = ViniTestPod.app; sourceTree = BUILT_PRODUCTS_DIR; };
		74AD699E1F7883FF005C1A29 /* AppDelegate.swift */ = {isa = PBXFileReference; lastKnownFileType = sourcecode.swift; path = AppDelegate.swift; sourceTree = "<group>"; };
		74AD69A01F7883FF005C1A29 /* ViewController.swift */ = {isa = PBXFileReference; lastKnownFileType = sourcecode.swift; path = ViewController.swift; sourceTree = "<group>"; };
		74AD69A31F7883FF005C1A29 /* Base */ = {isa = PBXFileReference; lastKnownFileType = file.storyboard; name = Base; path = Base.lproj/Main.storyboard; sourceTree = "<group>"; };
		74AD69A51F7883FF005C1A29 /* Assets.xcassets */ = {isa = PBXFileReference; lastKnownFileType = folder.assetcatalog; path = Assets.xcassets; sourceTree = "<group>"; };
		74AD69A81F7883FF005C1A29 /* Base */ = {isa = PBXFileReference; lastKnownFileType = file.storyboard; name = Base; path = Base.lproj/LaunchScreen.storyboard; sourceTree = "<group>"; };
		74AD69AA1F7883FF005C1A29 /* Info.plist */ = {isa = PBXFileReference; lastKnownFileType = text.plist.xml; path = Info.plist; sourceTree = "<group>"; };
		74AD69AF1F7883FF005C1A29 /* ViniTestPodTests.xctest */ = {isa = PBXFileReference; explicitFileType = wrapper.cfbundle; includeInIndex = 0; path = ViniTestPodTests.xctest; sourceTree = BUILT_PRODUCTS_DIR; };
		74AD69B31F7883FF005C1A29 /* ViniTestPodTests.swift */ = {isa = PBXFileReference; lastKnownFileType = sourcecode.swift; path = ViniTestPodTests.swift; sourceTree = "<group>"; };
		74AD69B51F7883FF005C1A29 /* Info.plist */ = {isa = PBXFileReference; lastKnownFileType = text.plist.xml; path = Info.plist; sourceTree = "<group>"; };
		74AD69BA1F7883FF005C1A29 /* ViniTestPodUITests.xctest */ = {isa = PBXFileReference; explicitFileType = wrapper.cfbundle; includeInIndex = 0; path = ViniTestPodUITests.xctest; sourceTree = BUILT_PRODUCTS_DIR; };
		74AD69BE1F7883FF005C1A29 /* ViniTestPodUITests.swift */ = {isa = PBXFileReference; lastKnownFileType = sourcecode.swift; path = ViniTestPodUITests.swift; sourceTree = "<group>"; };
		74AD69C01F7883FF005C1A29 /* Info.plist */ = {isa = PBXFileReference; lastKnownFileType = text.plist.xml; path = Info.plist; sourceTree = "<group>"; };
/* End PBXFileReference section */

/* Begin PBXFrameworksBuildPhase section */
		74AD69981F7883FF005C1A29 /* Frameworks */ = {
			isa = PBXFrameworksBuildPhase;
			buildActionMask = 2147483647;
			files = (
			);
			runOnlyForDeploymentPostprocessing = 0;
		};
		74AD69AC1F7883FF005C1A29 /* Frameworks */ = {
			isa = PBXFrameworksBuildPhase;
			buildActionMask = 2147483647;
			files = (
			);
			runOnlyForDeploymentPostprocessing = 0;
		};
		74AD69B71F7883FF005C1A29 /* Frameworks */ = {
			isa = PBXFrameworksBuildPhase;
			buildActionMask = 2147483647;
			files = (
			);
			runOnlyForDeploymentPostprocessing = 0;
		};
/* End PBXFrameworksBuildPhase section */

/* Begin PBXGroup section */
		74AD69921F7883FF005C1A29 = {
			isa = PBXGroup;
			children = (
				74AD699D1F7883FF005C1A29 /* ViniTestPod */,
				74AD69B21F7883FF005C1A29 /* ViniTestPodTests */,
				74AD69BD1F7883FF005C1A29 /* ViniTestPodUITests */,
				74AD699C1F7883FF005C1A29 /* Products */,
			);
			sourceTree = "<group>";
		};
		74AD699C1F7883FF005C1A29 /* Products */ = {
			isa = PBXGroup;
			children = (
				74AD699B1F7883FF005C1A29 /* ViniTestPod.app */,
				74AD69AF1F7883FF005C1A29 /* ViniTestPodTests.xctest */,
				74AD69BA1F7883FF005C1A29 /* ViniTestPodUITests.xctest */,
			);
			name = Products;
			sourceTree = "<group>";
		};
		74AD699D1F7883FF005C1A29 /* ViniTestPod */ = {
			isa = PBXGroup;
			children = (
				74AD699E1F7883FF005C1A29 /* AppDelegate.swift */,
				74AD69A01F7883FF005C1A29 /* ViewController.swift */,
				74AD69A21F7883FF005C1A29 /* Main.storyboard */,
				74AD69A51F7883FF005C1A29 /* Assets.xcassets */,
				74AD69A71F7883FF005C1A29 /* LaunchScreen.storyboard */,
				74AD69AA1F7883FF005C1A29 /* Info.plist */,
			);
			path = ViniTestPod;
			sourceTree = "<group>";
		};
		74AD69B21F7883FF005C1A29 /* ViniTestPodTests */ = {
			isa = PBXGroup;
			children = (
				74AD69B31F7883FF005C1A29 /* ViniTestPodTests.swift */,
				74AD69B51F7883FF005C1A29 /* Info.plist */,
			);
			path = ViniTestPodTests;
			sourceTree = "<group>";
		};
		74AD69BD1F7883FF005C1A29 /* ViniTestPodUITests */ = {
			isa = PBXGroup;
			children = (
				74AD69BE1F7883FF005C1A29 /* ViniTestPodUITests.swift */,
				74AD69C01F7883FF005C1A29 /* Info.plist */,
			);
			path = ViniTestPodUITests;
			sourceTree = "<group>";
		};
/* End PBXGroup section */

/* Begin PBXNativeTarget section */
		74AD699A1F7883FF005C1A29 /* ViniTestPod */ = {
			isa = PBXNativeTarget;
			buildConfigurationList = 74AD69C31F7883FF005C1A29 /* Build configuration list for PBXNativeTarget "ViniTestPod" */;
			buildPhases = (
				74AD69971F7883FF005C1A29 /* Sources */,
				74AD69981F7883FF005C1A29 /* Frameworks */,
				74AD69991F7883FF005C1A29 /* Resources */,
			);
			buildRules = (
			);
			dependencies = (
			);
			name = ViniTestPod;
			productName = ViniTestPod;
			productReference = 74AD699B1F7883FF005C1A29 /* ViniTestPod.app */;
			productType = "com.apple.product-type.application";
		};
		74AD69AE1F7883FF005C1A29 /* ViniTestPodTests */ = {
			isa = PBXNativeTarget;
			buildConfigurationList = 74AD69C61F7883FF005C1A29 /* Build configuration list for PBXNativeTarget "ViniTestPodTests" */;
			buildPhases = (
				74AD69AB1F7883FF005C1A29 /* Sources */,
				74AD69AC1F7883FF005C1A29 /* Frameworks */,
				74AD69AD1F7883FF005C1A29 /* Resources */,
			);
			buildRules = (
			);
			dependencies = (
				74AD69B11F7883FF005C1A29 /* PBXTargetDependency */,
			);
			name = ViniTestPodTests;
			productName = ViniTestPodTests;
			productReference = 74AD69AF1F7883FF005C1A29 /* ViniTestPodTests.xctest */;
			productType = "com.apple.product-type.bundle.unit-test";
		};
		74AD69B91F7883FF005C1A29 /* ViniTestPodUITests */ = {
			isa = PBXNativeTarget;
			buildConfigurationList = 74AD69C91F7883FF005C1A29 /* Build configuration list for PBXNativeTarget "ViniTestPodUITests" */;
			buildPhases = (
				74AD69B61F7883FF005C1A29 /* Sources */,
				74AD69B71F7883FF005C1A29 /* Frameworks */,
				74AD69B81F7883FF005C1A29 /* Resources */,
			);
			buildRules = (
			);
			dependencies = (
				74AD69BC1F7883FF005C1A29 /* PBXTargetDependency */,
			);
			name = ViniTestPodUITests;
			productName = ViniTestPodUITests;
			productReference = 74AD69BA1F7883FF005C1A29 /* ViniTestPodUITests.xctest */;
			productType = "com.apple.product-type.bundle.ui-testing";
		};
/* End PBXNativeTarget section */

/* Begin PBXProject section */
		74AD69931F7883FF005C1A29 /* Project object */ = {
			isa = PBXProject;
			attributes = {
				LastSwiftUpdateCheck = 0900;
				LastUpgradeCheck = 0900;
				ORGANIZATIONNAME = Druva;
				TargetAttributes = {
					74AD699A1F7883FF005C1A29 = {
						CreatedOnToolsVersion = 9.0;
						ProvisioningStyle = Automatic;
					};
					74AD69AE1F7883FF005C1A29 = {
						CreatedOnToolsVersion = 9.0;
						ProvisioningStyle = Automatic;
						TestTargetID = 74AD699A1F7883FF005C1A29;
					};
					74AD69B91F7883FF005C1A29 = {
						CreatedOnToolsVersion = 9.0;
						ProvisioningStyle = Automatic;
						TestTargetID = 74AD699A1F7883FF005C1A29;
					};
				};
			};
			buildConfigurationList = 74AD69961F7883FF005C1A29 /* Build configuration list for PBXProject "ViniTestPod" */;
			compatibilityVersion = "Xcode 8.0";
			developmentRegion = en;
			hasScannedForEncodings = 0;
			knownRegions = (
				en,
				Base,
			);
			mainGroup = 74AD69921F7883FF005C1A29;
			productRefGroup = 74AD699C1F7883FF005C1A29 /* Products */;
			projectDirPath = "";
			projectRoot = "";
			targets = (
				74AD699A1F7883FF005C1A29 /* ViniTestPod */,
				74AD69AE1F7883FF005C1A29 /* ViniTestPodTests */,
				74AD69B91F7883FF005C1A29 /* ViniTestPodUITests */,
			);
		};
/* End PBXProject section */

/* Begin PBXResourcesBuildPhase section */
		74AD69991F7883FF005C1A29 /* Resources */ = {
			isa = PBXResourcesBuildPhase;
			buildActionMask = 2147483647;
			files = (
				74AD69A91F7883FF005C1A29 /* LaunchScreen.storyboard in Resources */,
				74AD69A61F7883FF005C1A29 /* Assets.xcassets in Resources */,
				74AD69A41F7883FF005C1A29 /* Main.storyboard in Resources */,
			);
			runOnlyForDeploymentPostprocessing = 0;
		};
		74AD69AD1F7883FF005C1A29 /* Resources */ = {
			isa = PBXResourcesBuildPhase;
			buildActionMask = 2147483647;
			files = (
			);
			runOnlyForDeploymentPostprocessing = 0;
		};
		74AD69B81F7883FF005C1A29 /* Resources */ = {
			isa = PBXResourcesBuildPhase;
			buildActionMask = 2147483647;
			files = (
			);
			runOnlyForDeploymentPostprocessing = 0;
		};
/* End PBXResourcesBuildPhase section */

/* Begin PBXSourcesBuildPhase section */
		74AD69971F7883FF005C1A29 /* Sources */ = {
			isa = PBXSourcesBuildPhase;
			buildActionMask = 2147483647;
			files = (
				74AD69A11F7883FF005C1A29 /* ViewController.swift in Sources */,
				74AD699F1F7883FF005C1A29 /* AppDelegate.swift in Sources */,
			);
			runOnlyForDeploymentPostprocessing = 0;
		};
		74AD69AB1F7883FF005C1A29 /* Sources */ = {
			isa = PBXSourcesBuildPhase;
			buildActionMask = 2147483647;
			files = (
				74AD69B41F7883FF005C1A29 /* ViniTestPodTests.swift in Sources */,
			);
			runOnlyForDeploymentPostprocessing = 0;
		};
		74AD69B61F7883FF005C1A29 /* Sources */ = {
			isa = PBXSourcesBuildPhase;
			buildActionMask = 2147483647;
			files = (
				74AD69BF1F7883FF005C1A29 /* ViniTestPodUITests.swift in Sources */,
			);
			runOnlyForDeploymentPostprocessing = 0;
		};
/* End PBXSourcesBuildPhase section */

/* Begin PBXTargetDependency section */
		74AD69B11F7883FF005C1A29 /* PBXTargetDependency */ = {
			isa = PBXTargetDependency;
			target = 74AD699A1F7883FF005C1A29 /* ViniTestPod */;
			targetProxy = 74AD69B01F7883FF005C1A29 /* PBXContainerItemProxy */;
		};
		74AD69BC1F7883FF005C1A29 /* PBXTargetDependency */ = {
			isa = PBXTargetDependency;
			target = 74AD699A1F7883FF005C1A29 /* ViniTestPod */;
			targetProxy = 74AD69BB1F7883FF005C1A29 /* PBXContainerItemProxy */;
		};
/* End PBXTargetDependency section */

/* Begin PBXVariantGroup section */
		74AD69A21F7883FF005C1A29 /* Main.storyboard */ = {
			isa = PBXVariantGroup;
			children = (
				74AD69A31F7883FF005C1A29 /* Base */,
			);
			name = Main.storyboard;
			sourceTree = "<group>";
		};
		74AD69A71F7883FF005C1A29 /* LaunchScreen.storyboard */ = {
			isa = PBXVariantGroup;
			children = (
				74AD69A81F7883FF005C1A29 /* Base */,
			);
			name = LaunchScreen.storyboard;
			sourceTree = "<group>";
		};
/* End PBXVariantGroup section */

/* Begin XCBuildConfiguration section */
		74AD69C11F7883FF005C1A29 /* Debug */ = {
			isa = XCBuildConfiguration;
			buildSettings = {
				ALWAYS_SEARCH_USER_PATHS = NO;
				CLANG_ANALYZER_NONNULL = YES;
				CLANG_ANALYZER_NUMBER_OBJECT_CONVERSION = YES_AGGRESSIVE;
				CLANG_CXX_LANGUAGE_STANDARD = "gnu++14";
				CLANG_CXX_LIBRARY = "libc++";
				CLANG_ENABLE_MODULES = YES;
				CLANG_ENABLE_OBJC_ARC = YES;
				CLANG_WARN_BLOCK_CAPTURE_AUTORELEASING = YES;
				CLANG_WARN_BOOL_CONVERSION = YES;
				CLANG_WARN_COMMA = YES;
				CLANG_WARN_CONSTANT_CONVERSION = YES;
				CLANG_WARN_DIRECT_OBJC_ISA_USAGE = YES_ERROR;
				CLANG_WARN_DOCUMENTATION_COMMENTS = YES;
				CLANG_WARN_EMPTY_BODY = YES;
				CLANG_WARN_ENUM_CONVERSION = YES;
				CLANG_WARN_INFINITE_RECURSION = YES;
				CLANG_WARN_INT_CONVERSION = YES;
				CLANG_WARN_NON_LITERAL_NULL_CONVERSION = YES;
				CLANG_WARN_OBJC_LITERAL_CONVERSION = YES;
				CLANG_WARN_OBJC_ROOT_CLASS = YES_ERROR;
				CLANG_WARN_RANGE_LOOP_ANALYSIS = YES;
				CLANG_WARN_STRICT_PROTOTYPES = YES;
				CLANG_WARN_SUSPICIOUS_MOVE = YES;
				CLANG_WARN_UNGUARDED_AVAILABILITY = YES_AGGRESSIVE;
				CLANG_WARN_UNREACHABLE_CODE = YES;
				CLANG_WARN__DUPLICATE_METHOD_MATCH = YES;
				CODE_SIGN_IDENTITY = "iPhone Developer";
				COPY_PHASE_STRIP = NO;
				DEBUG_INFORMATION_FORMAT = dwarf;
				ENABLE_STRICT_OBJC_MSGSEND = YES;
				ENABLE_TESTABILITY = YES;
				GCC_C_LANGUAGE_STANDARD = gnu11;
				GCC_DYNAMIC_NO_PIC = NO;
				GCC_NO_COMMON_BLOCKS = YES;
				GCC_OPTIMIZATION_LEVEL = 0;
				GCC_PREPROCESSOR_DEFINITIONS = (
					"DEBUG=1",
					"$(inherited)",
				);
				GCC_WARN_64_TO_32_BIT_CONVERSION = YES;
				GCC_WARN_ABOUT_RETURN_TYPE = YES_ERROR;
				GCC_WARN_UNDECLARED_SELECTOR = YES;
				GCC_WARN_UNINITIALIZED_AUTOS = YES_AGGRESSIVE;
				GCC_WARN_UNUSED_FUNCTION = YES;
				GCC_WARN_UNUSED_VARIABLE = YES;
				IPHONEOS_DEPLOYMENT_TARGET = 11.0;
				MTL_ENABLE_DEBUG_INFO = YES;
				ONLY_ACTIVE_ARCH = YES;
				SDKROOT = iphoneos;
				SWIFT_ACTIVE_COMPILATION_CONDITIONS = DEBUG;
				SWIFT_OPTIMIZATION_LEVEL = "-Onone";
			};
			name = Debug;
		};
		74AD69C21F7883FF005C1A29 /* Release */ = {
			isa = XCBuildConfiguration;
			buildSettings = {
				ALWAYS_SEARCH_USER_PATHS = NO;
				CLANG_ANALYZER_NONNULL = YES;
				CLANG_ANALYZER_NUMBER_OBJECT_CONVERSION = YES_AGGRESSIVE;
				CLANG_CXX_LANGUAGE_STANDARD = "gnu++14";
				CLANG_CXX_LIBRARY = "libc++";
				CLANG_ENABLE_MODULES = YES;
				CLANG_ENABLE_OBJC_ARC = YES;
				CLANG_WARN_BLOCK_CAPTURE_AUTORELEASING = YES;
				CLANG_WARN_BOOL_CONVERSION = YES;
				CLANG_WARN_COMMA = YES;
				CLANG_WARN_CONSTANT_CONVERSION = YES;
				CLANG_WARN_DIRECT_OBJC_ISA_USAGE = YES_ERROR;
				CLANG_WARN_DOCUMENTATION_COMMENTS = YES;
				CLANG_WARN_EMPTY_BODY = YES;
				CLANG_WARN_ENUM_CONVERSION = YES;
				CLANG_WARN_INFINITE_RECURSION = YES;
				CLANG_WARN_INT_CONVERSION = YES;
				CLANG_WARN_NON_LITERAL_NULL_CONVERSION = YES;
				CLANG_WARN_OBJC_LITERAL_CONVERSION = YES;
				CLANG_WARN_OBJC_ROOT_CLASS = YES_ERROR;
				CLANG_WARN_RANGE_LOOP_ANALYSIS = YES;
				CLANG_WARN_STRICT_PROTOTYPES = YES;
				CLANG_WARN_SUSPICIOUS_MOVE = YES;
				CLANG_WARN_UNGUARDED_AVAILABILITY = YES_AGGRESSIVE;
				CLANG_WARN_UNREACHABLE_CODE = YES;
				CLANG_WARN__DUPLICATE_METHOD_MATCH = YES;
				CODE_SIGN_IDENTITY = "iPhone Developer";
				COPY_PHASE_STRIP = NO;
				DEBUG_INFORMATION_FORMAT = "dwarf-with-dsym";
				ENABLE_NS_ASSERTIONS = NO;
				ENABLE_STRICT_OBJC_MSGSEND = YES;
				GCC_C_LANGUAGE_STANDARD = gnu11;
				GCC_NO_COMMON_BLOCKS = YES;
				GCC_WARN_64_TO_32_BIT_CONVERSION = YES;
				GCC_WARN_ABOUT_RETURN_TYPE = YES_ERROR;
				GCC_WARN_UNDECLARED_SELECTOR = YES;
				GCC_WARN_UNINITIALIZED_AUTOS = YES_AGGRESSIVE;
				GCC_WARN_UNUSED_FUNCTION = YES;
				GCC_WARN_UNUSED_VARIABLE = YES;
				IPHONEOS_DEPLOYMENT_TARGET = 11.0;
				MTL_ENABLE_DEBUG_INFO = NO;
				SDKROOT = iphoneos;
				SWIFT_OPTIMIZATION_LEVEL = "-Owholemodule";
				VALIDATE_PRODUCT = YES;
			};
			name = Release;
		};
		74AD69C41F7883FF005C1A29 /* Debug */ = {
			isa = XCBuildConfiguration;
			buildSettings = {
				ASSETCATALOG_COMPILER_APPICON_NAME = AppIcon;
				CODE_SIGN_STYLE = Automatic;
				INFOPLIST_FILE = ViniTestPod/Info.plist;
				LD_RUNPATH_SEARCH_PATHS = "$(inherited) @executable_path/Frameworks";
				PRODUCT_BUNDLE_IDENTIFIER = com.sri.ViniTestPod;
				PRODUCT_NAME = "$(TARGET_NAME)";
				SWIFT_VERSION = 4.0;
				TARGETED_DEVICE_FAMILY = "1,2";
			};
			name = Debug;
		};
		74AD69C51F7883FF005C1A29 /* Release */ = {
			isa = XCBuildConfiguration;
			buildSettings = {
				ASSETCATALOG_COMPILER_APPICON_NAME = AppIcon;
				CODE_SIGN_STYLE = Automatic;
				INFOPLIST_FILE = ViniTestPod/Info.plist;
				LD_RUNPATH_SEARCH_PATHS = "$(inherited) @executable_path/Frameworks";
				PRODUCT_BUNDLE_IDENTIFIER = com.sri.ViniTestPod;
				PRODUCT_NAME = "$(TARGET_NAME)";
				SWIFT_VERSION = 4.0;
				TARGETED_DEVICE_FAMILY = "1,2";
			};
			name = Release;
		};
		74AD69C71F7883FF005C1A29 /* Debug */ = {
			isa = XCBuildConfiguration;
			buildSettings = {
				ALWAYS_EMBED_SWIFT_STANDARD_LIBRARIES = YES;
				BUNDLE_LOADER = "$(TEST_HOST)";
				CODE_SIGN_STYLE = Automatic;
				INFOPLIST_FILE = ViniTestPodTests/Info.plist;
				LD_RUNPATH_SEARCH_PATHS = "$(inherited) @executable_path/Frameworks @loader_path/Frameworks";
				PRODUCT_BUNDLE_IDENTIFIER = com.sri.ViniTestPodTests;
				PRODUCT_NAME = "$(TARGET_NAME)";
				SWIFT_VERSION = 4.0;
				TARGETED_DEVICE_FAMILY = "1,2";
				TEST_HOST = "$(BUILT_PRODUCTS_DIR)/ViniTestPod.app/ViniTestPod";
			};
			name = Debug;
		};
		74AD69C81F7883FF005C1A29 /* Release */ = {
			isa = XCBuildConfiguration;
			buildSettings = {
				ALWAYS_EMBED_SWIFT_STANDARD_LIBRARIES = YES;
				BUNDLE_LOADER = "$(TEST_HOST)";
				CODE_SIGN_STYLE = Automatic;
				INFOPLIST_FILE = ViniTestPodTests/Info.plist;
				LD_RUNPATH_SEARCH_PATHS = "$(inherited) @executable_path/Frameworks @loader_path/Frameworks";
				PRODUCT_BUNDLE_IDENTIFIER = com.sri.ViniTestPodTests;
				PRODUCT_NAME = "$(TARGET_NAME)";
				SWIFT_VERSION = 4.0;
				TARGETED_DEVICE_FAMILY = "1,2";
				TEST_HOST = "$(BUILT_PRODUCTS_DIR)/ViniTestPod.app/ViniTestPod";
			};
			name = Release;
		};
		74AD69CA1F7883FF005C1A29 /* Debug */ = {
			isa = XCBuildConfiguration;
			buildSettings = {
				ALWAYS_EMBED_SWIFT_STANDARD_LIBRARIES = YES;
				CODE_SIGN_STYLE = Automatic;
				INFOPLIST_FILE = ViniTestPodUITests/Info.plist;
				LD_RUNPATH_SEARCH_PATHS = "$(inherited) @executable_path/Frameworks @loader_path/Frameworks";
				PRODUCT_BUNDLE_IDENTIFIER = com.sri.ViniTestPodUITests;
				PRODUCT_NAME = "$(TARGET_NAME)";
				SWIFT_VERSION = 4.0;
				TARGETED_DEVICE_FAMILY = "1,2";
				TEST_TARGET_NAME = ViniTestPod;
			};
			name = Debug;
		};
		74AD69CB1F7883FF005C1A29 /* Release */ = {
			isa = XCBuildConfiguration;
			buildSettings = {
				ALWAYS_EMBED_SWIFT_STANDARD_LIBRARIES = YES;
				CODE_SIGN_STYLE = Automatic;
				INFOPLIST_FILE = ViniTestPodUITests/Info.plist;
				LD_RUNPATH_SEARCH_PATHS = "$(inherited) @executable_path/Frameworks @loader_path/Frameworks";
				PRODUCT_BUNDLE_IDENTIFIER = com.sri.ViniTestPodUITests;
				PRODUCT_NAME = "$(TARGET_NAME)";
				SWIFT_VERSION = 4.0;
				TARGETED_DEVICE_FAMILY = "1,2";
				TEST_TARGET_NAME = ViniTestPod;
			};
			name = Release;
		};
/* End XCBuildConfiguration section */

/* Begin XCConfigurationList section */
		74AD69961F7883FF005C1A29 /* Build configuration list for PBXProject "ViniTestPod" */ = {
			isa = XCConfigurationList;
			buildConfigurations = (
				74AD69C11F7883FF005C1A29 /* Debug */,
				74AD69C21F7883FF005C1A29 /* Release */,
			);
			defaultConfigurationIsVisible = 0;
			defaultConfigurationName = Release;
		};
		74AD69C31F7883FF005C1A29 /* Build configuration list for PBXNativeTarget "ViniTestPod" */ = {
			isa = XCConfigurationList;
			buildConfigurations = (
				74AD69C41F7883FF005C1A29 /* Debug */,
				74AD69C51F7883FF005C1A29 /* Release */,
			);
			defaultConfigurationIsVisible = 0;
			defaultConfigurationName = Release;
		};
		74AD69C61F7883FF005C1A29 /* Build configuration list for PBXNativeTarget "ViniTestPodTests" */ = {
			isa = XCConfigurationList;
			buildConfigurations = (
				74AD69C71F7883FF005C1A29 /* Debug */,
				74AD69C81F7883FF005C1A29 /* Release */,
			);
			defaultConfigurationIsVisible = 0;
			defaultConfigurationName = Release;
		};
		74AD69C91F7883FF005C1A29 /* Build configuration list for PBXNativeTarget "ViniTestPodUITests" */ = {
			isa = XCConfigurationList;
			buildConfigurations = (
				74AD69CA1F7883FF005C1A29 /* Debug */,
				74AD69CB1F7883FF005C1A29 /* Release */,
			);
			defaultConfigurationIsVisible = 0;
			defaultConfigurationName = Release;
		};
/* End XCConfigurationList section */
	};
	rootObject = 74AD69931F7883FF005C1A29 /* Project object */;
}
